
Microsoft Visual Studio Solution File, Format Version 12.00
# Visual Studio Version 16
VisualStudioVersion = 16.0.29509.3
MinimumVisualStudioVersion = 10.0.40219.1
Project("{FAE04EC0-301F-11D3-BF4B-00C04F79EFBC}") = "Toistorakenne jatkuu 1", "Toistorakenne jatkuu 1\Toistorakenne jatkuu 1.csproj", "{43139DFB-5364-4B11-8CE0-2AA0D34BA516}"
EndProject
Global
	GlobalSection(SolutionConfigurationPlatforms) = preSolution
		Debug|Any CPU = Debug|Any CPU
		Release|Any CPU = Release|Any CPU
	EndGlobalSection
	GlobalSection(ProjectConfigurationPlatforms) = postSolution
		{43139DFB-5364-4B11-8CE0-2AA0D34BA516}.Debug|Any CPU.ActiveCfg = Debug|Any CPU
		{43139DFB-5364-4B11-8CE0-2AA0D34BA516}.Debug|Any CPU.Build.0 = Debug|Any CPU
		{43139DFB-5364-4B11-8CE0-2AA0D34BA516}.Release|Any CPU.ActiveCfg = Release|Any CPU
		{43139DFB-5364-4B11-8CE0-2AA0D34BA516}.Release|Any CPU.Build.0 = Release|Any CPU
	EndGlobalSection
	GlobalSection(SolutionProperties) = preSolution
		HideSolutionNode = FALSE
	EndGlobalSection
	GlobalSection(ExtensibilityGlobals) = postSolution
		SolutionGuid = {663ABE5B-FF5D-4509-8A3A-97BE7A4166F4}
	EndGlobalSection
EndGlobal
