
Microsoft Visual Studio Solution File, Format Version 12.00
# Visual Studio Version 16
VisualStudioVersion = 16.0.29509.3
MinimumVisualStudioVersion = 10.0.40219.1
Project("{FAE04EC0-301F-11D3-BF4B-00C04F79EFBC}") = "Taulukko 2", "Taulukko 2\Taulukko 2.csproj", "{661A4BC3-CBF0-46A3-B60B-88F3875CDAE8}"
EndProject
Global
	GlobalSection(SolutionConfigurationPlatforms) = preSolution
		Debug|Any CPU = Debug|Any CPU
		Release|Any CPU = Release|Any CPU
	EndGlobalSection
	GlobalSection(ProjectConfigurationPlatforms) = postSolution
		{661A4BC3-CBF0-46A3-B60B-88F3875CDAE8}.Debug|Any CPU.ActiveCfg = Debug|Any CPU
		{661A4BC3-CBF0-46A3-B60B-88F3875CDAE8}.Debug|Any CPU.Build.0 = Debug|Any CPU
		{661A4BC3-CBF0-46A3-B60B-88F3875CDAE8}.Release|Any CPU.ActiveCfg = Release|Any CPU
		{661A4BC3-CBF0-46A3-B60B-88F3875CDAE8}.Release|Any CPU.Build.0 = Release|Any CPU
	EndGlobalSection
	GlobalSection(SolutionProperties) = preSolution
		HideSolutionNode = FALSE
	EndGlobalSection
	GlobalSection(ExtensibilityGlobals) = postSolution
		SolutionGuid = {BDE7467C-CB89-4903-AC9A-F7AE877D141F}
	EndGlobalSection
EndGlobal
