
Microsoft Visual Studio Solution File, Format Version 12.00
# Visual Studio Version 16
VisualStudioVersion = 16.0.29509.3
MinimumVisualStudioVersion = 10.0.40219.1
Project("{FAE04EC0-301F-11D3-BF4B-00C04F79EFBC}") = "Funktio ja aliohjelma 3", "Funktio ja aliohjelma 3\Funktio ja aliohjelma 3.csproj", "{E86937DE-D5FC-4B6F-9072-65472B649908}"
EndProject
Global
	GlobalSection(SolutionConfigurationPlatforms) = preSolution
		Debug|Any CPU = Debug|Any CPU
		Release|Any CPU = Release|Any CPU
	EndGlobalSection
	GlobalSection(ProjectConfigurationPlatforms) = postSolution
		{E86937DE-D5FC-4B6F-9072-65472B649908}.Debug|Any CPU.ActiveCfg = Debug|Any CPU
		{E86937DE-D5FC-4B6F-9072-65472B649908}.Debug|Any CPU.Build.0 = Debug|Any CPU
		{E86937DE-D5FC-4B6F-9072-65472B649908}.Release|Any CPU.ActiveCfg = Release|Any CPU
		{E86937DE-D5FC-4B6F-9072-65472B649908}.Release|Any CPU.Build.0 = Release|Any CPU
	EndGlobalSection
	GlobalSection(SolutionProperties) = preSolution
		HideSolutionNode = FALSE
	EndGlobalSection
	GlobalSection(ExtensibilityGlobals) = postSolution
		SolutionGuid = {EEFEDC93-D7BC-4633-AE7D-C04AACE63125}
	EndGlobalSection
EndGlobal
