
Microsoft Visual Studio Solution File, Format Version 12.00
# Visual Studio Version 16
VisualStudioVersion = 16.0.29509.3
MinimumVisualStudioVersion = 10.0.40219.1
Project("{FAE04EC0-301F-11D3-BF4B-00C04F79EFBC}") = "Toistorakenne jatkuu 5", "Toistorakenne jatkuu 5\Toistorakenne jatkuu 5.csproj", "{D8B928E5-D02F-437F-9813-535D2A6FD42D}"
EndProject
Global
	GlobalSection(SolutionConfigurationPlatforms) = preSolution
		Debug|Any CPU = Debug|Any CPU
		Release|Any CPU = Release|Any CPU
	EndGlobalSection
	GlobalSection(ProjectConfigurationPlatforms) = postSolution
		{D8B928E5-D02F-437F-9813-535D2A6FD42D}.Debug|Any CPU.ActiveCfg = Debug|Any CPU
		{D8B928E5-D02F-437F-9813-535D2A6FD42D}.Debug|Any CPU.Build.0 = Debug|Any CPU
		{D8B928E5-D02F-437F-9813-535D2A6FD42D}.Release|Any CPU.ActiveCfg = Release|Any CPU
		{D8B928E5-D02F-437F-9813-535D2A6FD42D}.Release|Any CPU.Build.0 = Release|Any CPU
	EndGlobalSection
	GlobalSection(SolutionProperties) = preSolution
		HideSolutionNode = FALSE
	EndGlobalSection
	GlobalSection(ExtensibilityGlobals) = postSolution
		SolutionGuid = {0C066C5F-1B56-4743-AD05-E9917FEA59B8}
	EndGlobalSection
EndGlobal
