
Microsoft Visual Studio Solution File, Format Version 12.00
# Visual Studio Version 16
VisualStudioVersion = 16.0.29509.3
MinimumVisualStudioVersion = 10.0.40219.1
Project("{FAE04EC0-301F-11D3-BF4B-00C04F79EFBC}") = "Toistorakenne 4", "Toistorakenne 4\Toistorakenne 4.csproj", "{EFB28C15-4D61-4F17-9CD0-DA007AAA5150}"
EndProject
Global
	GlobalSection(SolutionConfigurationPlatforms) = preSolution
		Debug|Any CPU = Debug|Any CPU
		Release|Any CPU = Release|Any CPU
	EndGlobalSection
	GlobalSection(ProjectConfigurationPlatforms) = postSolution
		{EFB28C15-4D61-4F17-9CD0-DA007AAA5150}.Debug|Any CPU.ActiveCfg = Debug|Any CPU
		{EFB28C15-4D61-4F17-9CD0-DA007AAA5150}.Debug|Any CPU.Build.0 = Debug|Any CPU
		{EFB28C15-4D61-4F17-9CD0-DA007AAA5150}.Release|Any CPU.ActiveCfg = Release|Any CPU
		{EFB28C15-4D61-4F17-9CD0-DA007AAA5150}.Release|Any CPU.Build.0 = Release|Any CPU
	EndGlobalSection
	GlobalSection(SolutionProperties) = preSolution
		HideSolutionNode = FALSE
	EndGlobalSection
	GlobalSection(ExtensibilityGlobals) = postSolution
		SolutionGuid = {7C3AF44E-7ADE-4C49-91FD-0E02719D1EBC}
	EndGlobalSection
EndGlobal
