
Microsoft Visual Studio Solution File, Format Version 12.00
# Visual Studio Version 16
VisualStudioVersion = 16.0.29509.3
MinimumVisualStudioVersion = 10.0.40219.1
Project("{FAE04EC0-301F-11D3-BF4B-00C04F79EFBC}") = "Funktio ja aliohjelma 1", "Funktio ja aliohjelma 1\Funktio ja aliohjelma 1.csproj", "{91F446AA-7FAB-4B2E-A770-49FA26F2E7BC}"
EndProject
Global
	GlobalSection(SolutionConfigurationPlatforms) = preSolution
		Debug|Any CPU = Debug|Any CPU
		Release|Any CPU = Release|Any CPU
	EndGlobalSection
	GlobalSection(ProjectConfigurationPlatforms) = postSolution
		{91F446AA-7FAB-4B2E-A770-49FA26F2E7BC}.Debug|Any CPU.ActiveCfg = Debug|Any CPU
		{91F446AA-7FAB-4B2E-A770-49FA26F2E7BC}.Debug|Any CPU.Build.0 = Debug|Any CPU
		{91F446AA-7FAB-4B2E-A770-49FA26F2E7BC}.Release|Any CPU.ActiveCfg = Release|Any CPU
		{91F446AA-7FAB-4B2E-A770-49FA26F2E7BC}.Release|Any CPU.Build.0 = Release|Any CPU
	EndGlobalSection
	GlobalSection(SolutionProperties) = preSolution
		HideSolutionNode = FALSE
	EndGlobalSection
	GlobalSection(ExtensibilityGlobals) = postSolution
		SolutionGuid = {35A65410-73E3-4E0F-8F1C-2D5EFD1A11C5}
	EndGlobalSection
EndGlobal
