
Microsoft Visual Studio Solution File, Format Version 12.00
# Visual Studio Version 16
VisualStudioVersion = 16.0.29509.3
MinimumVisualStudioVersion = 10.0.40219.1
Project("{FAE04EC0-301F-11D3-BF4B-00C04F79EFBC}") = "Toistorakenne jatkuu 4", "Toistorakenne jatkuu 4\Toistorakenne jatkuu 4.csproj", "{6CB841A2-635B-41E8-8ED7-4F06D6165AB1}"
EndProject
Global
	GlobalSection(SolutionConfigurationPlatforms) = preSolution
		Debug|Any CPU = Debug|Any CPU
		Release|Any CPU = Release|Any CPU
	EndGlobalSection
	GlobalSection(ProjectConfigurationPlatforms) = postSolution
		{6CB841A2-635B-41E8-8ED7-4F06D6165AB1}.Debug|Any CPU.ActiveCfg = Debug|Any CPU
		{6CB841A2-635B-41E8-8ED7-4F06D6165AB1}.Debug|Any CPU.Build.0 = Debug|Any CPU
		{6CB841A2-635B-41E8-8ED7-4F06D6165AB1}.Release|Any CPU.ActiveCfg = Release|Any CPU
		{6CB841A2-635B-41E8-8ED7-4F06D6165AB1}.Release|Any CPU.Build.0 = Release|Any CPU
	EndGlobalSection
	GlobalSection(SolutionProperties) = preSolution
		HideSolutionNode = FALSE
	EndGlobalSection
	GlobalSection(ExtensibilityGlobals) = postSolution
		SolutionGuid = {11245F96-20C3-4920-9004-28CD377BBEC0}
	EndGlobalSection
EndGlobal
