
Microsoft Visual Studio Solution File, Format Version 12.00
# Visual Studio Version 16
VisualStudioVersion = 16.0.29509.3
MinimumVisualStudioVersion = 10.0.40219.1
Project("{FAE04EC0-301F-11D3-BF4B-00C04F79EFBC}") = "Funktio ja aliohjelma 2", "Funktio ja aliohjelma 2\Funktio ja aliohjelma 2.csproj", "{357018AB-891E-4751-94D0-6252347D7A0D}"
EndProject
Global
	GlobalSection(SolutionConfigurationPlatforms) = preSolution
		Debug|Any CPU = Debug|Any CPU
		Release|Any CPU = Release|Any CPU
	EndGlobalSection
	GlobalSection(ProjectConfigurationPlatforms) = postSolution
		{357018AB-891E-4751-94D0-6252347D7A0D}.Debug|Any CPU.ActiveCfg = Debug|Any CPU
		{357018AB-891E-4751-94D0-6252347D7A0D}.Debug|Any CPU.Build.0 = Debug|Any CPU
		{357018AB-891E-4751-94D0-6252347D7A0D}.Release|Any CPU.ActiveCfg = Release|Any CPU
		{357018AB-891E-4751-94D0-6252347D7A0D}.Release|Any CPU.Build.0 = Release|Any CPU
	EndGlobalSection
	GlobalSection(SolutionProperties) = preSolution
		HideSolutionNode = FALSE
	EndGlobalSection
	GlobalSection(ExtensibilityGlobals) = postSolution
		SolutionGuid = {1A51E06A-D19D-4467-93CF-85748097D3FB}
	EndGlobalSection
EndGlobal
